{
  "name": "@bonsaicss/cli",
  "version": "0.1.0",
  "lockfileVersion": 3,
  "requires": true,
  "packages": {
    "": {
      "name": "@bonsaicss/cli",
      "version": "0.1.0",
      "license": "MIT",
      "dependencies": {
        "jiti": "^2.6.1",
        "picocolors": "^1.1.1",
        "prompts": "^2.4.2"
      },
      "bin": {
        "bonsaicss": "dist/cli.cjs"
      },
      "devDependencies": {
        "@types/prompts": "^2.4.9"
      }
    },
    "../../node_modules/.pnpm/@types+css-tree@2.3.11/node_modules/@types/css-tree": {
      "version": "2.3.11",
      "extraneous": true,
      "license": "MIT"
    },
    "../../node_modules/.pnpm/css-tree@3.1.0/node_modules/css-tree": {
      "version": "3.1.0",
      "extraneous": true,
      "license": "MIT",
      "dependencies": {
        "mdn-data": "2.12.2",
        "source-map-js": "^1.0.1"
      },
      "devDependencies": {
        "c8": "^7.12.0",
        "clap": "^2.0.1",
        "esbuild": "^0.24.0",
        "eslint": "^8.4.1",
        "json-to-ast": "^2.1.0",
        "mocha": "^9.2.2",
        "rollup": "^2.79.2"
      },
      "engines": {
        "node": "^10 || ^12.20.0 || ^14.13.0 || >=15.0.0"
      }
    },
    "../../node_modules/.pnpm/jiti@2.6.1/node_modules/jiti": {
      "version": "2.6.1",
      "license": "MIT",
      "bin": {
        "jiti": "lib/jiti-cli.mjs"
      },
      "devDependencies": {
        "@babel/core": "^7.28.4",
        "@babel/helper-module-imports": "^7.27.1",
        "@babel/helper-module-transforms": "^7.28.3",
        "@babel/helper-plugin-utils": "^7.27.1",
        "@babel/helper-simple-access": "^7.27.1",
        "@babel/plugin-proposal-decorators": "^7.28.0",
        "@babel/plugin-syntax-class-properties": "^7.12.13",
        "@babel/plugin-syntax-import-assertions": "^7.27.1",
        "@babel/plugin-syntax-jsx": "^7.27.1",
        "@babel/plugin-transform-export-namespace-from": "^7.27.1",
        "@babel/plugin-transform-react-jsx": "^7.27.1",
        "@babel/plugin-transform-typescript": "^7.28.0",
        "@babel/preset-typescript": "^7.27.1",
        "@babel/template": "^7.27.2",
        "@babel/traverse": "^7.28.4",
        "@babel/types": "^7.28.4",
        "@rspack/cli": "^1.5.8",
        "@rspack/core": "^1.5.8",
        "@types/babel__core": "^7.20.5",
        "@types/babel__helper-module-imports": "^7.18.3",
        "@types/babel__helper-plugin-utils": "^7.10.3",
        "@types/babel__template": "^7.4.4",
        "@types/babel__traverse": "^7.28.0",
        "@types/node": "^24.6.1",
        "@vitest/coverage-v8": "^3.2.4",
        "acorn": "^8.15.0",
        "babel-plugin-parameter-decorator": "^1.0.16",
        "changelogen": "^0.6.2",
        "config": "^4.1.1",
        "consola": "^3.4.2",
        "defu": "^6.1.4",
        "destr": "^2.0.5",
        "escape-string-regexp": "^5.0.0",
        "eslint": "^9.36.0",
        "eslint-config-unjs": "^0.5.0",
        "estree-walker": "^3.0.3",
        "etag": "^1.8.1",
        "fast-glob": "^3.3.3",
        "is-installed-globally": "^1.0.0",
        "mime": "^4.1.0",
        "mlly": "^1.8.0",
        "moment-timezone": "^0.6.0",
        "nano-jsx": "^0.2.0",
        "pathe": "^2.0.3",
        "pkg-types": "^2.3.0",
        "preact": "^10.27.2",
        "preact-render-to-string": "^6.6.2",
        "prettier": "^3.6.2",
        "react": "^19.1.1",
        "react-dom": "^19.1.1",
        "reflect-metadata": "^0.2.2",
        "solid-js": "^1.9.9",
        "std-env": "^3.9.0",
        "terser-webpack-plugin": "^5.3.14",
        "tinyexec": "^1.0.1",
        "ts-loader": "^9.5.4",
        "typescript": "^5.9.3",
        "vitest": "^3.2.4",
        "vue": "^3.5.22",
        "yoctocolors": "^2.1.2",
        "zod": "^4.1.11"
      }
    },
    "../../node_modules/.pnpm/picocolors@1.1.1/node_modules/picocolors": {
      "version": "1.1.1",
      "license": "ISC"
    },
    "../../node_modules/.pnpm/prompts@2.4.2/node_modules/prompts": {
      "version": "2.4.2",
      "license": "MIT",
      "dependencies": {
        "kleur": "^3.0.3",
        "sisteransi": "^1.0.5"
      },
      "devDependencies": {
        "@babel/cli": "^7.12.1",
        "@babel/core": "^7.12.3",
        "@babel/plugin-proposal-object-rest-spread": "^7.12.1",
        "@babel/preset-env": "^7.12.1",
        "tap-spec": "^2.2.2",
        "tape": "^4.13.3"
      },
      "engines": {
        "node": ">= 6"
      }
    },
    "../bonsaicss": {
      "name": "@bonsaicss/core",
      "version": "0.1.0",
      "extraneous": true,
      "license": "MIT",
      "dependencies": {
        "css-tree": "^3.1.0"
      },
      "devDependencies": {
        "@types/css-tree": "^2.3.0"
      }
    },
    "node_modules/@types/node": {
      "version": "25.3.0",
      "resolved": "https://registry.npmjs.org/@types/node/-/node-25.3.0.tgz",
      "integrity": "sha512-4K3bqJpXpqfg2XKGK9bpDTc6xO/xoUP/RBWS7AtRMug6zZFaRekiLzjVtAoZMquxoAbzBvy5nxQ7veS5eYzf8A==",
      "dev": true,
      "license": "MIT",
      "dependencies": {
        "undici-types": "~7.18.0"
      }
    },
    "node_modules/@types/prompts": {
      "version": "2.4.9",
      "resolved": "https://registry.npmjs.org/@types/prompts/-/prompts-2.4.9.tgz",
      "integrity": "sha512-qTxFi6Buiu8+50/+3DGIWLHM6QuWsEKugJnnP6iv2Mc4ncxE4A/OJkjuVOA+5X0X1S/nq5VJRa8Lu+nwcvbrKA==",
      "dev": true,
      "license": "MIT",
      "dependencies": {
        "@types/node": "*",
        "kleur": "^3.0.3"
      }
    },
    "node_modules/jiti": {
      "resolved": "../../node_modules/.pnpm/jiti@2.6.1/node_modules/jiti",
      "link": true
    },
    "node_modules/kleur": {
      "version": "3.0.3",
      "resolved": "https://registry.npmjs.org/kleur/-/kleur-3.0.3.tgz",
      "integrity": "sha512-eTIzlVOSUR+JxdDFepEYcBMtZ9Qqdef+rnzWdRZuMbOywu5tO2w2N7rqjoANZ5k9vywhL6Br1VRjUIgTQx4E8w==",
      "dev": true,
      "license": "MIT",
      "engines": {
        "node": ">=6"
      }
    },
    "node_modules/picocolors": {
      "resolved": "../../node_modules/.pnpm/picocolors@1.1.1/node_modules/picocolors",
      "link": true
    },
    "node_modules/prompts": {
      "resolved": "../../node_modules/.pnpm/prompts@2.4.2/node_modules/prompts",
      "link": true
    },
    "node_modules/undici-types": {
      "version": "7.18.2",
      "resolved": "https://registry.npmjs.org/undici-types/-/undici-types-7.18.2.tgz",
      "integrity": "sha512-AsuCzffGHJybSaRrmr5eHr81mwJU3kjw6M+uprWvCXiNeN9SOGwQ3Jn8jb8m3Z6izVgknn1R0FTCEAP2QrLY/w==",
      "dev": true,
      "license": "MIT"
    }
  }
}
